
Microsoft Visual Studio Solution File, Format Version 12.00
# Visual Studio Version 17
VisualStudioVersion = 17.5.002.0
MinimumVisualStudioVersion = 10.0.40219.1
Project("{9A19103F-16F7-4668-BE54-9A1E7A4F7556}") = "dotnetBasics", "dotnetBasics.csproj", "{CC6E09FD-8237-4FC0-A04E-8022DC807928}"
EndProject
Global
	GlobalSection(SolutionConfigurationPlatforms) = preSolution
		Debug|Any CPU = Debug|Any CPU
		Release|Any CPU = Release|Any CPU
	EndGlobalSection
	GlobalSection(ProjectConfigurationPlatforms) = postSolution
		{CC6E09FD-8237-4FC0-A04E-8022DC807928}.Debug|Any CPU.ActiveCfg = Debug|Any CPU
		{CC6E09FD-8237-4FC0-A04E-8022DC807928}.Debug|Any CPU.Build.0 = Debug|Any CPU
		{CC6E09FD-8237-4FC0-A04E-8022DC807928}.Release|Any CPU.ActiveCfg = Release|Any CPU
		{CC6E09FD-8237-4FC0-A04E-8022DC807928}.Release|Any CPU.Build.0 = Release|Any CPU
	EndGlobalSection
	GlobalSection(SolutionProperties) = preSolution
		HideSolutionNode = FALSE
	EndGlobalSection
	GlobalSection(ExtensibilityGlobals) = postSolution
		SolutionGuid = {447E2330-1388-4ACD-9234-A12AD72838E6}
	EndGlobalSection
EndGlobal
